
Microsoft Visual Studio Solution File, Format Version 12.00
# Visual Studio Version 17
VisualStudioVersion = 17.11.35327.3
MinimumVisualStudioVersion = 10.0.40219.1
Project("{FAE04EC0-301F-11D3-BF4B-00C04F79EFBC}") = "SemanticKernelDemo", "SemanticKernelDemo\SemanticKernelDemo.csproj", "{7435D89A-97DF-48B1-A61C-313A76385F5D}"
	ProjectSection(ProjectDependencies) = postProject
		{5C5884C7-3BAC-4BB7-805D-BA50820E6D24} = {5C5884C7-3BAC-4BB7-805D-BA50820E6D24}
	EndProjectSection
EndProject
Project("{FAE04EC0-301F-11D3-BF4B-00C04F79EFBC}") = "Module.API", "Module.API\Module.API.csproj", "{5C5884C7-3BAC-4BB7-805D-BA50820E6D24}"
EndProject
Project("{FAE04EC0-301F-11D3-BF4B-00C04F79EFBC}") = "TestMcpServer", "TestMcpServer\TestMcpServer.csproj", "{C7529B0B-54CE-4361-A900-89571644E610}"
EndProject
Global
	GlobalSection(SolutionConfigurationPlatforms) = preSolution
		Debug|Any CPU = Debug|Any CPU
		Debug|x64 = Debug|x64
		Debug|x86 = Debug|x86
		Release|Any CPU = Release|Any CPU
		Release|x64 = Release|x64
		Release|x86 = Release|x86
	EndGlobalSection
	GlobalSection(ProjectConfigurationPlatforms) = postSolution
		{7435D89A-97DF-48B1-A61C-313A76385F5D}.Debug|Any CPU.ActiveCfg = Debug|Any CPU
		{7435D89A-97DF-48B1-A61C-313A76385F5D}.Debug|Any CPU.Build.0 = Debug|Any CPU
		{7435D89A-97DF-48B1-A61C-313A76385F5D}.Debug|x64.ActiveCfg = Debug|Any CPU
		{7435D89A-97DF-48B1-A61C-313A76385F5D}.Debug|x64.Build.0 = Debug|Any CPU
		{7435D89A-97DF-48B1-A61C-313A76385F5D}.Debug|x86.ActiveCfg = Debug|Any CPU
		{7435D89A-97DF-48B1-A61C-313A76385F5D}.Debug|x86.Build.0 = Debug|Any CPU
		{7435D89A-97DF-48B1-A61C-313A76385F5D}.Release|Any CPU.ActiveCfg = Release|Any CPU
		{7435D89A-97DF-48B1-A61C-313A76385F5D}.Release|Any CPU.Build.0 = Release|Any CPU
		{7435D89A-97DF-48B1-A61C-313A76385F5D}.Release|x64.ActiveCfg = Release|Any CPU
		{7435D89A-97DF-48B1-A61C-313A76385F5D}.Release|x64.Build.0 = Release|Any CPU
		{7435D89A-97DF-48B1-A61C-313A76385F5D}.Release|x86.ActiveCfg = Release|Any CPU
		{7435D89A-97DF-48B1-A61C-313A76385F5D}.Release|x86.Build.0 = Release|Any CPU
		{5C5884C7-3BAC-4BB7-805D-BA50820E6D24}.Debug|Any CPU.ActiveCfg = Debug|Any CPU
		{5C5884C7-3BAC-4BB7-805D-BA50820E6D24}.Debug|Any CPU.Build.0 = Debug|Any CPU
		{5C5884C7-3BAC-4BB7-805D-BA50820E6D24}.Debug|x64.ActiveCfg = Debug|Any CPU
		{5C5884C7-3BAC-4BB7-805D-BA50820E6D24}.Debug|x64.Build.0 = Debug|Any CPU
		{5C5884C7-3BAC-4BB7-805D-BA50820E6D24}.Debug|x86.ActiveCfg = Debug|Any CPU
		{5C5884C7-3BAC-4BB7-805D-BA50820E6D24}.Debug|x86.Build.0 = Debug|Any CPU
		{5C5884C7-3BAC-4BB7-805D-BA50820E6D24}.Release|Any CPU.ActiveCfg = Release|Any CPU
		{5C5884C7-3BAC-4BB7-805D-BA50820E6D24}.Release|Any CPU.Build.0 = Release|Any CPU
		{5C5884C7-3BAC-4BB7-805D-BA50820E6D24}.Release|x64.ActiveCfg = Release|Any CPU
		{5C5884C7-3BAC-4BB7-805D-BA50820E6D24}.Release|x64.Build.0 = Release|Any CPU
		{5C5884C7-3BAC-4BB7-805D-BA50820E6D24}.Release|x86.ActiveCfg = Release|Any CPU
		{5C5884C7-3BAC-4BB7-805D-BA50820E6D24}.Release|x86.Build.0 = Release|Any CPU
		{C7529B0B-54CE-4361-A900-89571644E610}.Debug|Any CPU.ActiveCfg = Debug|Any CPU
		{C7529B0B-54CE-4361-A900-89571644E610}.Debug|Any CPU.Build.0 = Debug|Any CPU
		{C7529B0B-54CE-4361-A900-89571644E610}.Debug|x64.ActiveCfg = Debug|Any CPU
		{C7529B0B-54CE-4361-A900-89571644E610}.Debug|x64.Build.0 = Debug|Any CPU
		{C7529B0B-54CE-4361-A900-89571644E610}.Debug|x86.ActiveCfg = Debug|Any CPU
		{C7529B0B-54CE-4361-A900-89571644E610}.Debug|x86.Build.0 = Debug|Any CPU
		{C7529B0B-54CE-4361-A900-89571644E610}.Release|Any CPU.ActiveCfg = Release|Any CPU
		{C7529B0B-54CE-4361-A900-89571644E610}.Release|Any CPU.Build.0 = Release|Any CPU
		{C7529B0B-54CE-4361-A900-89571644E610}.Release|x64.ActiveCfg = Release|Any CPU
		{C7529B0B-54CE-4361-A900-89571644E610}.Release|x64.Build.0 = Release|Any CPU
		{C7529B0B-54CE-4361-A900-89571644E610}.Release|x86.ActiveCfg = Release|Any CPU
		{C7529B0B-54CE-4361-A900-89571644E610}.Release|x86.Build.0 = Release|Any CPU
	EndGlobalSection
	GlobalSection(SolutionProperties) = preSolution
		HideSolutionNode = FALSE
	EndGlobalSection
	GlobalSection(ExtensibilityGlobals) = postSolution
		SolutionGuid = {FFCD9A62-9249-4C02-8F20-9A6262C97EC6}
	EndGlobalSection
EndGlobal
